
Microsoft Visual Studio Solution File, Format Version 11.00
# Visual Studio 2010
Project("{FAE04EC0-301F-11D3-BF4B-00C04F79EFBC}") = "Marauders Map", "Assembly-CSharp.csproj", "{6E57CB91-6DDE-4952-7FF5-928A17EF9086}"
EndProject
Project("{FAE04EC0-301F-11D3-BF4B-00C04F79EFBC}") = "Marauders Map", "Assembly-CSharp-Editor.csproj", "{086B40B8-A018-17D0-0D22-7730C53ED7B7}"
EndProject
Global
	GlobalSection(SolutionConfigurationPlatforms) = preSolution
		Debug|Any CPU = Debug|Any CPU
		Release|Any CPU = Release|Any CPU
	EndGlobalSection
	GlobalSection(ProjectConfigurationPlatforms) = postSolution
		{6E57CB91-6DDE-4952-7FF5-928A17EF9086}.Debug|Any CPU.ActiveCfg = Debug|Any CPU
		{6E57CB91-6DDE-4952-7FF5-928A17EF9086}.Debug|Any CPU.Build.0 = Debug|Any CPU
		{6E57CB91-6DDE-4952-7FF5-928A17EF9086}.Release|Any CPU.ActiveCfg = Release|Any CPU
		{6E57CB91-6DDE-4952-7FF5-928A17EF9086}.Release|Any CPU.Build.0 = Release|Any CPU
		{086B40B8-A018-17D0-0D22-7730C53ED7B7}.Debug|Any CPU.ActiveCfg = Debug|Any CPU
		{086B40B8-A018-17D0-0D22-7730C53ED7B7}.Debug|Any CPU.Build.0 = Debug|Any CPU
		{086B40B8-A018-17D0-0D22-7730C53ED7B7}.Release|Any CPU.ActiveCfg = Release|Any CPU
		{086B40B8-A018-17D0-0D22-7730C53ED7B7}.Release|Any CPU.Build.0 = Release|Any CPU
	EndGlobalSection
	GlobalSection(SolutionProperties) = preSolution
		HideSolutionNode = FALSE
	EndGlobalSection
	GlobalSection(MonoDevelopProperties) = preSolution
		StartupItem = Assembly-CSharp.csproj
	EndGlobalSection
EndGlobal
